
Microsoft Visual Studio Solution File, Format Version 12.00
# Visual Studio 14
VisualStudioVersion = 14.0.25420.1
MinimumVisualStudioVersion = 10.0.40219.1
Project("{8BC9CEB8-8B4A-11D0-8D11-00A0C91BC942}") = "EnumWinstaGui", "EnumWinstaGui.vcxproj", "{5800637C-DFEA-4F12-ACCD-B8BE28C3813D}"
EndProject
Global
	GlobalSection(SolutionConfigurationPlatforms) = preSolution
		Debug|x86 = Debug|x86
		Release|x86 = Release|x86
		Static MFC Debug|x86 = Static MFC Debug|x86
		Static MFC Release|x86 = Static MFC Release|x86
	EndGlobalSection
	GlobalSection(ProjectConfigurationPlatforms) = postSolution
		{5800637C-DFEA-4F12-ACCD-B8BE28C3813D}.Debug|x86.ActiveCfg = Debug|Win32
		{5800637C-DFEA-4F12-ACCD-B8BE28C3813D}.Debug|x86.Build.0 = Debug|Win32
		{5800637C-DFEA-4F12-ACCD-B8BE28C3813D}.Release|x86.ActiveCfg = Release|Win32
		{5800637C-DFEA-4F12-ACCD-B8BE28C3813D}.Release|x86.Build.0 = Release|Win32
		{5800637C-DFEA-4F12-ACCD-B8BE28C3813D}.Static MFC Debug|x86.ActiveCfg = Static MFC Debug|Win32
		{5800637C-DFEA-4F12-ACCD-B8BE28C3813D}.Static MFC Debug|x86.Build.0 = Static MFC Debug|Win32
		{5800637C-DFEA-4F12-ACCD-B8BE28C3813D}.Static MFC Release|x86.ActiveCfg = Static MFC Release|Win32
		{5800637C-DFEA-4F12-ACCD-B8BE28C3813D}.Static MFC Release|x86.Build.0 = Static MFC Release|Win32
	EndGlobalSection
	GlobalSection(SolutionProperties) = preSolution
		HideSolutionNode = FALSE
	EndGlobalSection
EndGlobal
